// !$*UTF8*$!
{
	archiveVersion = 1;
	classes = {
	};
	objectVersion = 50;
	objects = {

/* Begin PBXBuildFile section */
		6560C06C25724A6800A3AEB5 /* FARBaseCodeRunInstance.h in Headers */ = {isa = PBXBuildFile; fileRef = 6560C06A25724A6800A3AEB5 /* FARBaseCodeRunInstance.h */; };
		6560C06D25724A6800A3AEB5 /* FARBaseCodeRunInstance.m in Sources */ = {isa = PBXBuildFile; fileRef = 6560C06B25724A6800A3AEB5 /* FARBaseCodeRunInstance.m */; };
		6560C07125724C3000A3AEB5 /* FARFuncRunInstance.h in Headers */ = {isa = PBXBuildFile; fileRef = 6560C06F25724C3000A3AEB5 /* FARFuncRunInstance.h */; };
		6560C07225724C3000A3AEB5 /* FARFuncRunInstance.m in Sources */ = {isa = PBXBuildFile; fileRef = 6560C07025724C3000A3AEB5 /* FARFuncRunInstance.m */; };
		6560C07625724C4000A3AEB5 /* FARClassRunInstance.h in Headers */ = {isa = PBXBuildFile; fileRef = 6560C07425724C4000A3AEB5 /* FARClassRunInstance.h */; };
		6560C07725724C4000A3AEB5 /* FARClassRunInstance.m in Sources */ = {isa = PBXBuildFile; fileRef = 6560C07525724C4000A3AEB5 /* FARClassRunInstance.m */; };
		6560C07B25724C5000A3AEB5 /* FARClosureRunInstance.h in Headers */ = {isa = PBXBuildFile; fileRef = 6560C07925724C5000A3AEB5 /* FARClosureRunInstance.h */; };
		6560C07C25724C5000A3AEB5 /* FARClosureRunInstance.m in Sources */ = {isa = PBXBuildFile; fileRef = 6560C07A25724C5000A3AEB5 /* FARClosureRunInstance.m */; };
		6560C0812572509C00A3AEB5 /* FARClosureCodeObj.h in Headers */ = {isa = PBXBuildFile; fileRef = 6560C07F2572509C00A3AEB5 /* FARClosureCodeObj.h */; };
		6560C0822572509C00A3AEB5 /* FARClosureCodeObj.m in Sources */ = {isa = PBXBuildFile; fileRef = 6560C0802572509C00A3AEB5 /* FARClosureCodeObj.m */; };
		6560C08F257254F600A3AEB5 /* FARGlobalConst.h in Headers */ = {isa = PBXBuildFile; fileRef = 6560C08D257254F600A3AEB5 /* FARGlobalConst.h */; };
		6560C090257254F600A3AEB5 /* FARGlobalConst.m in Sources */ = {isa = PBXBuildFile; fileRef = 6560C08E257254F600A3AEB5 /* FARGlobalConst.m */; };
		6560C0932572557200A3AEB5 /* PrefixHeader.pch in Headers */ = {isa = PBXBuildFile; fileRef = 6560C0922572557200A3AEB5 /* PrefixHeader.pch */; };
		6560C09825727CF100A3AEB5 /* FARVMStack.h in Headers */ = {isa = PBXBuildFile; fileRef = 6560C09625727CF100A3AEB5 /* FARVMStack.h */; };
		6560C09925727CF100A3AEB5 /* FARVMStack.m in Sources */ = {isa = PBXBuildFile; fileRef = 6560C09725727CF100A3AEB5 /* FARVMStack.m */; };
		6560C09D2572804F00A3AEB5 /* FARStringCodeObj.h in Headers */ = {isa = PBXBuildFile; fileRef = 6560C09B2572804F00A3AEB5 /* FARStringCodeObj.h */; };
		6560C09E2572804F00A3AEB5 /* FARStringCodeObj.m in Sources */ = {isa = PBXBuildFile; fileRef = 6560C09C2572804F00A3AEB5 /* FARStringCodeObj.m */; };
		6560C0A82572812000A3AEB5 /* FARNumberCodeObj.h in Headers */ = {isa = PBXBuildFile; fileRef = 6560C0A62572812000A3AEB5 /* FARNumberCodeObj.h */; };
		6560C0A92572812000A3AEB5 /* FARNumberCodeObj.m in Sources */ = {isa = PBXBuildFile; fileRef = 6560C0A72572812000A3AEB5 /* FARNumberCodeObj.m */; };
		6560C0AD2572840B00A3AEB5 /* FARNumberRunInstance.h in Headers */ = {isa = PBXBuildFile; fileRef = 6560C0AB2572840B00A3AEB5 /* FARNumberRunInstance.h */; };
		6560C0AE2572840B00A3AEB5 /* FARNumberRunInstance.m in Sources */ = {isa = PBXBuildFile; fileRef = 6560C0AC2572840B00A3AEB5 /* FARNumberRunInstance.m */; };
		6560C0B2257286FD00A3AEB5 /* FARStringRunInstance.h in Headers */ = {isa = PBXBuildFile; fileRef = 6560C0B0257286FD00A3AEB5 /* FARStringRunInstance.h */; };
		6560C0B3257286FD00A3AEB5 /* FARStringRunInstance.m in Sources */ = {isa = PBXBuildFile; fileRef = 6560C0B1257286FD00A3AEB5 /* FARStringRunInstance.m */; };
		65BD65112562961B007AF316 /* FAROperCmd.h in Headers */ = {isa = PBXBuildFile; fileRef = 65BD65102562961B007AF316 /* FAROperCmd.h */; settings = {ATTRIBUTES = (Public, ); }; };
		65BD652125629B7D007AF316 /* FARParser.h in Headers */ = {isa = PBXBuildFile; fileRef = 65BD651F25629B7D007AF316 /* FARParser.h */; settings = {ATTRIBUTES = (Public, ); }; };
		65BD652225629B7D007AF316 /* FARParser.m in Sources */ = {isa = PBXBuildFile; fileRef = 65BD652025629B7D007AF316 /* FARParser.m */; };
		65D5B21C2573E0A600B6DA85 /* FARNativeCodeObj.h in Headers */ = {isa = PBXBuildFile; fileRef = 65D5B21A2573E0A600B6DA85 /* FARNativeCodeObj.h */; };
		65D5B21D2573E0A600B6DA85 /* FARNativeCodeObj.m in Sources */ = {isa = PBXBuildFile; fileRef = 65D5B21B2573E0A600B6DA85 /* FARNativeCodeObj.m */; };
		65D5B2212573E0D100B6DA85 /* FARNativeRunInstance.h in Headers */ = {isa = PBXBuildFile; fileRef = 65D5B21F2573E0D100B6DA85 /* FARNativeRunInstance.h */; };
		65D5B2222573E0D100B6DA85 /* FARNativeRunInstance.m in Sources */ = {isa = PBXBuildFile; fileRef = 65D5B2202573E0D100B6DA85 /* FARNativeRunInstance.m */; };
		65D5B2382575E41200B6DA85 /* FARNativeFuncRunInstance.h in Headers */ = {isa = PBXBuildFile; fileRef = 65D5B2362575E41200B6DA85 /* FARNativeFuncRunInstance.h */; };
		65D5B2392575E41200B6DA85 /* FARNativeFuncRunInstance.m in Sources */ = {isa = PBXBuildFile; fileRef = 65D5B2372575E41200B6DA85 /* FARNativeFuncRunInstance.m */; };
		65D5B24425760BF900B6DA85 /* FARNumberFuncRunInstance.h in Headers */ = {isa = PBXBuildFile; fileRef = 65D5B24225760BF900B6DA85 /* FARNumberFuncRunInstance.h */; };
		65D5B24525760BF900B6DA85 /* FARNumberFuncRunInstance.m in Sources */ = {isa = PBXBuildFile; fileRef = 65D5B24325760BF900B6DA85 /* FARNumberFuncRunInstance.m */; };
		65EF90812562A96E00A98D1C /* parser.y in Sources */ = {isa = PBXBuildFile; fileRef = 65EF90802562A96E00A98D1C /* parser.y */; };
		65EF90842562A97900A98D1C /* scanner.l in Sources */ = {isa = PBXBuildFile; fileRef = 65EF90832562A97900A98D1C /* scanner.l */; };
		65EF90892562AD1000A98D1C /* test.far in Resources */ = {isa = PBXBuildFile; fileRef = 65EF90882562AD1000A98D1C /* test.far */; };
		65EF908F25637F0000A98D1C /* FARCommandTag.h in Headers */ = {isa = PBXBuildFile; fileRef = 65EF908D25637F0000A98D1C /* FARCommandTag.h */; settings = {ATTRIBUTES = (Public, ); }; };
		65EF909025637F0000A98D1C /* FARCommandTag.m in Sources */ = {isa = PBXBuildFile; fileRef = 65EF908E25637F0000A98D1C /* FARCommandTag.m */; };
		65EF909E2564003400A98D1C /* FARVirtualMachine.h in Headers */ = {isa = PBXBuildFile; fileRef = 65EF909C2564003300A98D1C /* FARVirtualMachine.h */; settings = {ATTRIBUTES = (Public, ); }; };
		65EF909F2564003400A98D1C /* FARVirtualMachine.m in Sources */ = {isa = PBXBuildFile; fileRef = 65EF909D2564003300A98D1C /* FARVirtualMachine.m */; };
		65EF90A32564012400A98D1C /* FARVMCode.h in Headers */ = {isa = PBXBuildFile; fileRef = 65EF90A12564012400A98D1C /* FARVMCode.h */; settings = {ATTRIBUTES = (Public, ); }; };
		65EF90A42564012400A98D1C /* FARVMCode.m in Sources */ = {isa = PBXBuildFile; fileRef = 65EF90A22564012400A98D1C /* FARVMCode.m */; };
		65EF913F2565478600A98D1C /* FARVMEnvironment.h in Headers */ = {isa = PBXBuildFile; fileRef = 65EF913D2565478600A98D1C /* FARVMEnvironment.h */; };
		65EF91402565478600A98D1C /* FARVMEnvironment.m in Sources */ = {isa = PBXBuildFile; fileRef = 65EF913E2565478600A98D1C /* FARVMEnvironment.m */; };
		65EF914425654D4700A98D1C /* FARNull.h in Headers */ = {isa = PBXBuildFile; fileRef = 65EF914225654D4700A98D1C /* FARNull.h */; };
		65EF914525654D4700A98D1C /* FARNull.m in Sources */ = {isa = PBXBuildFile; fileRef = 65EF914325654D4700A98D1C /* FARNull.m */; };
		65EF92C3256914FF00A98D1C /* FARVMCodeEnv.h in Headers */ = {isa = PBXBuildFile; fileRef = 65EF92C1256914FF00A98D1C /* FARVMCodeEnv.h */; };
		65EF92C4256914FF00A98D1C /* FARVMCodeEnv.m in Sources */ = {isa = PBXBuildFile; fileRef = 65EF92C2256914FF00A98D1C /* FARVMCodeEnv.m */; };
		65EF92C92569244500A98D1C /* FARBaseObj.h in Headers */ = {isa = PBXBuildFile; fileRef = 65EF92C72569244500A98D1C /* FARBaseObj.h */; };
		65EF92CA2569244500A98D1C /* FARBaseObj.m in Sources */ = {isa = PBXBuildFile; fileRef = 65EF92C82569244500A98D1C /* FARBaseObj.m */; };
		65EF92CF2569246100A98D1C /* FARClassCodeObj.h in Headers */ = {isa = PBXBuildFile; fileRef = 65EF92CD2569246100A98D1C /* FARClassCodeObj.h */; };
		65EF92D02569246100A98D1C /* FARClassCodeObj.m in Sources */ = {isa = PBXBuildFile; fileRef = 65EF92CE2569246100A98D1C /* FARClassCodeObj.m */; };
		65EF92D42569246E00A98D1C /* FARFuncCodeObj.h in Headers */ = {isa = PBXBuildFile; fileRef = 65EF92D22569246E00A98D1C /* FARFuncCodeObj.h */; };
		65EF92D52569246E00A98D1C /* FARFuncCodeObj.m in Sources */ = {isa = PBXBuildFile; fileRef = 65EF92D32569246E00A98D1C /* FARFuncCodeObj.m */; };
		65EF92DB2569258E00A98D1C /* FARCodeObj.h in Headers */ = {isa = PBXBuildFile; fileRef = 65EF92D92569258E00A98D1C /* FARCodeObj.h */; };
		65EF92DC2569258E00A98D1C /* FARCodeObj.m in Sources */ = {isa = PBXBuildFile; fileRef = 65EF92DA2569258E00A98D1C /* FARCodeObj.m */; };
		65F6C3F225626B6200C8B94C /* Fairy_iOS.h in Headers */ = {isa = PBXBuildFile; fileRef = 65F6C3F025626B6200C8B94C /* Fairy_iOS.h */; settings = {ATTRIBUTES = (Public, ); }; };
		65F6C42425626BE200C8B94C /* AppDelegate.m in Sources */ = {isa = PBXBuildFile; fileRef = 65F6C42325626BE200C8B94C /* AppDelegate.m */; };
		65F6C42725626BE200C8B94C /* SceneDelegate.m in Sources */ = {isa = PBXBuildFile; fileRef = 65F6C42625626BE200C8B94C /* SceneDelegate.m */; };
		65F6C42A25626BE200C8B94C /* ViewController.m in Sources */ = {isa = PBXBuildFile; fileRef = 65F6C42925626BE200C8B94C /* ViewController.m */; };
		65F6C42D25626BE200C8B94C /* Main.storyboard in Resources */ = {isa = PBXBuildFile; fileRef = 65F6C42B25626BE200C8B94C /* Main.storyboard */; };
		65F6C42F25626BE600C8B94C /* Assets.xcassets in Resources */ = {isa = PBXBuildFile; fileRef = 65F6C42E25626BE600C8B94C /* Assets.xcassets */; };
		65F6C43225626BE600C8B94C /* LaunchScreen.storyboard in Resources */ = {isa = PBXBuildFile; fileRef = 65F6C43025626BE600C8B94C /* LaunchScreen.storyboard */; };
		65F6C43525626BE600C8B94C /* main.m in Sources */ = {isa = PBXBuildFile; fileRef = 65F6C43425626BE600C8B94C /* main.m */; };
		65F6C44225626C8A00C8B94C /* Fairy_iOS.framework in Frameworks */ = {isa = PBXBuildFile; fileRef = 65F6C3ED25626B6200C8B94C /* Fairy_iOS.framework */; };
		65F6C44325626C8A00C8B94C /* Fairy_iOS.framework in Embed Frameworks */ = {isa = PBXBuildFile; fileRef = 65F6C3ED25626B6200C8B94C /* Fairy_iOS.framework */; settings = {ATTRIBUTES = (CodeSignOnCopy, RemoveHeadersOnCopy, ); }; };
		65F6C44B25626F8200C8B94C /* FARCommand.h in Headers */ = {isa = PBXBuildFile; fileRef = 65F6C44925626F8200C8B94C /* FARCommand.h */; settings = {ATTRIBUTES = (Public, ); }; };
		65F6C44C25626F8200C8B94C /* FARCommand.m in Sources */ = {isa = PBXBuildFile; fileRef = 65F6C44A25626F8200C8B94C /* FARCommand.m */; };
/* End PBXBuildFile section */

/* Begin PBXContainerItemProxy section */
		65F6C44425626C8A00C8B94C /* PBXContainerItemProxy */ = {
			isa = PBXContainerItemProxy;
			containerPortal = 65F6C3E425626B6200C8B94C /* Project object */;
			proxyType = 1;
			remoteGlobalIDString = 65F6C3EC25626B6200C8B94C;
			remoteInfo = "Fairy-iOS";
		};
/* End PBXContainerItemProxy section */

/* Begin PBXCopyFilesBuildPhase section */
		65F6C44625626C8A00C8B94C /* Embed Frameworks */ = {
			isa = PBXCopyFilesBuildPhase;
			buildActionMask = 2147483647;
			dstPath = "";
			dstSubfolderSpec = 10;
			files = (
				65F6C44325626C8A00C8B94C /* Fairy_iOS.framework in Embed Frameworks */,
			);
			name = "Embed Frameworks";
			runOnlyForDeploymentPostprocessing = 0;
		};
/* End PBXCopyFilesBuildPhase section */

/* Begin PBXFileReference section */
		6560C06A25724A6800A3AEB5 /* FARBaseCodeRunInstance.h */ = {isa = PBXFileReference; lastKnownFileType = sourcecode.c.h; path = FARBaseCodeRunInstance.h; sourceTree = "<group>"; };
		6560C06B25724A6800A3AEB5 /* FARBaseCodeRunInstance.m */ = {isa = PBXFileReference; lastKnownFileType = sourcecode.c.objc; path = FARBaseCodeRunInstance.m; sourceTree = "<group>"; };
		6560C06F25724C3000A3AEB5 /* FARFuncRunInstance.h */ = {isa = PBXFileReference; lastKnownFileType = sourcecode.c.h; path = FARFuncRunInstance.h; sourceTree = "<group>"; };
		6560C07025724C3000A3AEB5 /* FARFuncRunInstance.m */ = {isa = PBXFileReference; lastKnownFileType = sourcecode.c.objc; path = FARFuncRunInstance.m; sourceTree = "<group>"; };
		6560C07425724C4000A3AEB5 /* FARClassRunInstance.h */ = {isa = PBXFileReference; lastKnownFileType = sourcecode.c.h; path = FARClassRunInstance.h; sourceTree = "<group>"; };
		6560C07525724C4000A3AEB5 /* FARClassRunInstance.m */ = {isa = PBXFileReference; lastKnownFileType = sourcecode.c.objc; path = FARClassRunInstance.m; sourceTree = "<group>"; };
		6560C07925724C5000A3AEB5 /* FARClosureRunInstance.h */ = {isa = PBXFileReference; lastKnownFileType = sourcecode.c.h; path = FARClosureRunInstance.h; sourceTree = "<group>"; };
		6560C07A25724C5000A3AEB5 /* FARClosureRunInstance.m */ = {isa = PBXFileReference; lastKnownFileType = sourcecode.c.objc; path = FARClosureRunInstance.m; sourceTree = "<group>"; };
		6560C07F2572509C00A3AEB5 /* FARClosureCodeObj.h */ = {isa = PBXFileReference; lastKnownFileType = sourcecode.c.h; path = FARClosureCodeObj.h; sourceTree = "<group>"; };
		6560C0802572509C00A3AEB5 /* FARClosureCodeObj.m */ = {isa = PBXFileReference; lastKnownFileType = sourcecode.c.objc; path = FARClosureCodeObj.m; sourceTree = "<group>"; };
		6560C08D257254F600A3AEB5 /* FARGlobalConst.h */ = {isa = PBXFileReference; lastKnownFileType = sourcecode.c.h; path = FARGlobalConst.h; sourceTree = "<group>"; };
		6560C08E257254F600A3AEB5 /* FARGlobalConst.m */ = {isa = PBXFileReference; lastKnownFileType = sourcecode.c.objc; path = FARGlobalConst.m; sourceTree = "<group>"; };
		6560C0922572557200A3AEB5 /* PrefixHeader.pch */ = {isa = PBXFileReference; lastKnownFileType = sourcecode.c.h; path = PrefixHeader.pch; sourceTree = "<group>"; };
		6560C09625727CF100A3AEB5 /* FARVMStack.h */ = {isa = PBXFileReference; lastKnownFileType = sourcecode.c.h; path = FARVMStack.h; sourceTree = "<group>"; };
		6560C09725727CF100A3AEB5 /* FARVMStack.m */ = {isa = PBXFileReference; lastKnownFileType = sourcecode.c.objc; path = FARVMStack.m; sourceTree = "<group>"; };
		6560C09B2572804F00A3AEB5 /* FARStringCodeObj.h */ = {isa = PBXFileReference; lastKnownFileType = sourcecode.c.h; path = FARStringCodeObj.h; sourceTree = "<group>"; };
		6560C09C2572804F00A3AEB5 /* FARStringCodeObj.m */ = {isa = PBXFileReference; lastKnownFileType = sourcecode.c.objc; path = FARStringCodeObj.m; sourceTree = "<group>"; };
		6560C0A62572812000A3AEB5 /* FARNumberCodeObj.h */ = {isa = PBXFileReference; lastKnownFileType = sourcecode.c.h; path = FARNumberCodeObj.h; sourceTree = "<group>"; };
		6560C0A72572812000A3AEB5 /* FARNumberCodeObj.m */ = {isa = PBXFileReference; lastKnownFileType = sourcecode.c.objc; path = FARNumberCodeObj.m; sourceTree = "<group>"; };
		6560C0AB2572840B00A3AEB5 /* FARNumberRunInstance.h */ = {isa = PBXFileReference; lastKnownFileType = sourcecode.c.h; path = FARNumberRunInstance.h; sourceTree = "<group>"; };
		6560C0AC2572840B00A3AEB5 /* FARNumberRunInstance.m */ = {isa = PBXFileReference; lastKnownFileType = sourcecode.c.objc; path = FARNumberRunInstance.m; sourceTree = "<group>"; };
		6560C0B0257286FD00A3AEB5 /* FARStringRunInstance.h */ = {isa = PBXFileReference; lastKnownFileType = sourcecode.c.h; path = FARStringRunInstance.h; sourceTree = "<group>"; };
		6560C0B1257286FD00A3AEB5 /* FARStringRunInstance.m */ = {isa = PBXFileReference; lastKnownFileType = sourcecode.c.objc; path = FARStringRunInstance.m; sourceTree = "<group>"; };
		65BD65102562961B007AF316 /* FAROperCmd.h */ = {isa = PBXFileReference; lastKnownFileType = sourcecode.c.h; path = FAROperCmd.h; sourceTree = "<group>"; };
		65BD651F25629B7D007AF316 /* FARParser.h */ = {isa = PBXFileReference; lastKnownFileType = sourcecode.c.h; path = FARParser.h; sourceTree = "<group>"; };
		65BD652025629B7D007AF316 /* FARParser.m */ = {isa = PBXFileReference; lastKnownFileType = sourcecode.c.objc; path = FARParser.m; sourceTree = "<group>"; };
		65D5B21A2573E0A600B6DA85 /* FARNativeCodeObj.h */ = {isa = PBXFileReference; lastKnownFileType = sourcecode.c.h; path = FARNativeCodeObj.h; sourceTree = "<group>"; };
		65D5B21B2573E0A600B6DA85 /* FARNativeCodeObj.m */ = {isa = PBXFileReference; lastKnownFileType = sourcecode.c.objc; path = FARNativeCodeObj.m; sourceTree = "<group>"; };
		65D5B21F2573E0D100B6DA85 /* FARNativeRunInstance.h */ = {isa = PBXFileReference; lastKnownFileType = sourcecode.c.h; path = FARNativeRunInstance.h; sourceTree = "<group>"; };
		65D5B2202573E0D100B6DA85 /* FARNativeRunInstance.m */ = {isa = PBXFileReference; lastKnownFileType = sourcecode.c.objc; path = FARNativeRunInstance.m; sourceTree = "<group>"; };
		65D5B2362575E41200B6DA85 /* FARNativeFuncRunInstance.h */ = {isa = PBXFileReference; lastKnownFileType = sourcecode.c.h; path = FARNativeFuncRunInstance.h; sourceTree = "<group>"; };
		65D5B2372575E41200B6DA85 /* FARNativeFuncRunInstance.m */ = {isa = PBXFileReference; lastKnownFileType = sourcecode.c.objc; path = FARNativeFuncRunInstance.m; sourceTree = "<group>"; };
		65D5B24225760BF900B6DA85 /* FARNumberFuncRunInstance.h */ = {isa = PBXFileReference; lastKnownFileType = sourcecode.c.h; path = FARNumberFuncRunInstance.h; sourceTree = "<group>"; };
		65D5B24325760BF900B6DA85 /* FARNumberFuncRunInstance.m */ = {isa = PBXFileReference; lastKnownFileType = sourcecode.c.objc; path = FARNumberFuncRunInstance.m; sourceTree = "<group>"; };
		65EF90802562A96E00A98D1C /* parser.y */ = {isa = PBXFileReference; fileEncoding = 4; lastKnownFileType = sourcecode.yacc; name = parser.y; path = ../../../bison/parser.y; sourceTree = "<group>"; };
		65EF90832562A97900A98D1C /* scanner.l */ = {isa = PBXFileReference; fileEncoding = 4; lastKnownFileType = sourcecode.lex; name = scanner.l; path = ../../../bison/scanner.l; sourceTree = "<group>"; };
		65EF90882562AD1000A98D1C /* test.far */ = {isa = PBXFileReference; lastKnownFileType = text; name = test.far; path = "Fairy-iOS-Demo/test.far"; sourceTree = SOURCE_ROOT; };
		65EF908D25637F0000A98D1C /* FARCommandTag.h */ = {isa = PBXFileReference; lastKnownFileType = sourcecode.c.h; path = FARCommandTag.h; sourceTree = "<group>"; };
		65EF908E25637F0000A98D1C /* FARCommandTag.m */ = {isa = PBXFileReference; lastKnownFileType = sourcecode.c.objc; path = FARCommandTag.m; sourceTree = "<group>"; };
		65EF909C2564003300A98D1C /* FARVirtualMachine.h */ = {isa = PBXFileReference; lastKnownFileType = sourcecode.c.h; path = FARVirtualMachine.h; sourceTree = "<group>"; };
		65EF909D2564003300A98D1C /* FARVirtualMachine.m */ = {isa = PBXFileReference; lastKnownFileType = sourcecode.c.objc; path = FARVirtualMachine.m; sourceTree = "<group>"; };
		65EF90A12564012400A98D1C /* FARVMCode.h */ = {isa = PBXFileReference; lastKnownFileType = sourcecode.c.h; path = FARVMCode.h; sourceTree = "<group>"; };
		65EF90A22564012400A98D1C /* FARVMCode.m */ = {isa = PBXFileReference; lastKnownFileType = sourcecode.c.objc; path = FARVMCode.m; sourceTree = "<group>"; };
		65EF913D2565478600A98D1C /* FARVMEnvironment.h */ = {isa = PBXFileReference; lastKnownFileType = sourcecode.c.h; path = FARVMEnvironment.h; sourceTree = "<group>"; };
		65EF913E2565478600A98D1C /* FARVMEnvironment.m */ = {isa = PBXFileReference; lastKnownFileType = sourcecode.c.objc; path = FARVMEnvironment.m; sourceTree = "<group>"; };
		65EF914225654D4700A98D1C /* FARNull.h */ = {isa = PBXFileReference; lastKnownFileType = sourcecode.c.h; path = FARNull.h; sourceTree = "<group>"; };
		65EF914325654D4700A98D1C /* FARNull.m */ = {isa = PBXFileReference; lastKnownFileType = sourcecode.c.objc; path = FARNull.m; sourceTree = "<group>"; };
		65EF92C1256914FF00A98D1C /* FARVMCodeEnv.h */ = {isa = PBXFileReference; lastKnownFileType = sourcecode.c.h; path = FARVMCodeEnv.h; sourceTree = "<group>"; };
		65EF92C2256914FF00A98D1C /* FARVMCodeEnv.m */ = {isa = PBXFileReference; lastKnownFileType = sourcecode.c.objc; path = FARVMCodeEnv.m; sourceTree = "<group>"; };
		65EF92C72569244500A98D1C /* FARBaseObj.h */ = {isa = PBXFileReference; lastKnownFileType = sourcecode.c.h; path = FARBaseObj.h; sourceTree = "<group>"; };
		65EF92C82569244500A98D1C /* FARBaseObj.m */ = {isa = PBXFileReference; lastKnownFileType = sourcecode.c.objc; path = FARBaseObj.m; sourceTree = "<group>"; };
		65EF92CD2569246100A98D1C /* FARClassCodeObj.h */ = {isa = PBXFileReference; lastKnownFileType = sourcecode.c.h; path = FARClassCodeObj.h; sourceTree = "<group>"; };
		65EF92CE2569246100A98D1C /* FARClassCodeObj.m */ = {isa = PBXFileReference; lastKnownFileType = sourcecode.c.objc; path = FARClassCodeObj.m; sourceTree = "<group>"; };
		65EF92D22569246E00A98D1C /* FARFuncCodeObj.h */ = {isa = PBXFileReference; lastKnownFileType = sourcecode.c.h; path = FARFuncCodeObj.h; sourceTree = "<group>"; };
		65EF92D32569246E00A98D1C /* FARFuncCodeObj.m */ = {isa = PBXFileReference; lastKnownFileType = sourcecode.c.objc; path = FARFuncCodeObj.m; sourceTree = "<group>"; };
		65EF92D92569258E00A98D1C /* FARCodeObj.h */ = {isa = PBXFileReference; lastKnownFileType = sourcecode.c.h; path = FARCodeObj.h; sourceTree = "<group>"; };
		65EF92DA2569258E00A98D1C /* FARCodeObj.m */ = {isa = PBXFileReference; lastKnownFileType = sourcecode.c.objc; path = FARCodeObj.m; sourceTree = "<group>"; };
		65F6C3ED25626B6200C8B94C /* Fairy_iOS.framework */ = {isa = PBXFileReference; explicitFileType = wrapper.framework; includeInIndex = 0; path = Fairy_iOS.framework; sourceTree = BUILT_PRODUCTS_DIR; };
		65F6C3F025626B6200C8B94C /* Fairy_iOS.h */ = {isa = PBXFileReference; lastKnownFileType = sourcecode.c.h; path = Fairy_iOS.h; sourceTree = "<group>"; };
		65F6C3F125626B6200C8B94C /* Info.plist */ = {isa = PBXFileReference; lastKnownFileType = text.plist.xml; path = Info.plist; sourceTree = "<group>"; };
		65F6C42025626BE100C8B94C /* Fairy-iOS-Demo.app */ = {isa = PBXFileReference; explicitFileType = wrapper.application; includeInIndex = 0; path = "Fairy-iOS-Demo.app"; sourceTree = BUILT_PRODUCTS_DIR; };
		65F6C42225626BE200C8B94C /* AppDelegate.h */ = {isa = PBXFileReference; lastKnownFileType = sourcecode.c.h; path = AppDelegate.h; sourceTree = "<group>"; };
		65F6C42325626BE200C8B94C /* AppDelegate.m */ = {isa = PBXFileReference; lastKnownFileType = sourcecode.c.objc; path = AppDelegate.m; sourceTree = "<group>"; };
		65F6C42525626BE200C8B94C /* SceneDelegate.h */ = {isa = PBXFileReference; lastKnownFileType = sourcecode.c.h; path = SceneDelegate.h; sourceTree = "<group>"; };
		65F6C42625626BE200C8B94C /* SceneDelegate.m */ = {isa = PBXFileReference; lastKnownFileType = sourcecode.c.objc; path = SceneDelegate.m; sourceTree = "<group>"; };
		65F6C42825626BE200C8B94C /* ViewController.h */ = {isa = PBXFileReference; lastKnownFileType = sourcecode.c.h; path = ViewController.h; sourceTree = "<group>"; };
		65F6C42925626BE200C8B94C /* ViewController.m */ = {isa = PBXFileReference; lastKnownFileType = sourcecode.c.objc; path = ViewController.m; sourceTree = "<group>"; };
		65F6C42C25626BE200C8B94C /* Base */ = {isa = PBXFileReference; lastKnownFileType = file.storyboard; name = Base; path = Base.lproj/Main.storyboard; sourceTree = "<group>"; };
		65F6C42E25626BE600C8B94C /* Assets.xcassets */ = {isa = PBXFileReference; lastKnownFileType = folder.assetcatalog; path = Assets.xcassets; sourceTree = "<group>"; };
		65F6C43125626BE600C8B94C /* Base */ = {isa = PBXFileReference; lastKnownFileType = file.storyboard; name = Base; path = Base.lproj/LaunchScreen.storyboard; sourceTree = "<group>"; };
		65F6C43325626BE600C8B94C /* Info.plist */ = {isa = PBXFileReference; lastKnownFileType = text.plist.xml; path = Info.plist; sourceTree = "<group>"; };
		65F6C43425626BE600C8B94C /* main.m */ = {isa = PBXFileReference; lastKnownFileType = sourcecode.c.objc; path = main.m; sourceTree = "<group>"; };
		65F6C44925626F8200C8B94C /* FARCommand.h */ = {isa = PBXFileReference; lastKnownFileType = sourcecode.c.h; path = FARCommand.h; sourceTree = "<group>"; };
		65F6C44A25626F8200C8B94C /* FARCommand.m */ = {isa = PBXFileReference; lastKnownFileType = sourcecode.c.objc; path = FARCommand.m; sourceTree = "<group>"; };
/* End PBXFileReference section */

/* Begin PBXFrameworksBuildPhase section */
		65F6C3EA25626B6200C8B94C /* Frameworks */ = {
			isa = PBXFrameworksBuildPhase;
			buildActionMask = 2147483647;
			files = (
			);
			runOnlyForDeploymentPostprocessing = 0;
		};
		65F6C41D25626BE100C8B94C /* Frameworks */ = {
			isa = PBXFrameworksBuildPhase;
			buildActionMask = 2147483647;
			files = (
				65F6C44225626C8A00C8B94C /* Fairy_iOS.framework in Frameworks */,
			);
			runOnlyForDeploymentPostprocessing = 0;
		};
/* End PBXFrameworksBuildPhase section */

/* Begin PBXGroup section */
		65BD65152562979F007AF316 /* bison */ = {
			isa = PBXGroup;
			children = (
				65EF90832562A97900A98D1C /* scanner.l */,
				65EF90802562A96E00A98D1C /* parser.y */,
			);
			path = bison;
			sourceTree = "<group>";
		};
		65D5B23C25760B4700B6DA85 /* native */ = {
			isa = PBXGroup;
			children = (
				65D5B21A2573E0A600B6DA85 /* FARNativeCodeObj.h */,
				65D5B21B2573E0A600B6DA85 /* FARNativeCodeObj.m */,
				65D5B21F2573E0D100B6DA85 /* FARNativeRunInstance.h */,
				65D5B2202573E0D100B6DA85 /* FARNativeRunInstance.m */,
				65D5B2362575E41200B6DA85 /* FARNativeFuncRunInstance.h */,
				65D5B2372575E41200B6DA85 /* FARNativeFuncRunInstance.m */,
			);
			path = native;
			sourceTree = "<group>";
		};
		65D5B23D25760B6000B6DA85 /* number */ = {
			isa = PBXGroup;
			children = (
				6560C0A62572812000A3AEB5 /* FARNumberCodeObj.h */,
				6560C0A72572812000A3AEB5 /* FARNumberCodeObj.m */,
				6560C0AB2572840B00A3AEB5 /* FARNumberRunInstance.h */,
				6560C0AC2572840B00A3AEB5 /* FARNumberRunInstance.m */,
				65D5B24225760BF900B6DA85 /* FARNumberFuncRunInstance.h */,
				65D5B24325760BF900B6DA85 /* FARNumberFuncRunInstance.m */,
			);
			path = number;
			sourceTree = "<group>";
		};
		65D5B23E25760B7700B6DA85 /* string */ = {
			isa = PBXGroup;
			children = (
				6560C09B2572804F00A3AEB5 /* FARStringCodeObj.h */,
				6560C09C2572804F00A3AEB5 /* FARStringCodeObj.m */,
				6560C0B0257286FD00A3AEB5 /* FARStringRunInstance.h */,
				6560C0B1257286FD00A3AEB5 /* FARStringRunInstance.m */,
			);
			path = string;
			sourceTree = "<group>";
		};
		65D5B23F25760B9200B6DA85 /* basic */ = {
			isa = PBXGroup;
			children = (
				65EF92C72569244500A98D1C /* FARBaseObj.h */,
				65EF92C82569244500A98D1C /* FARBaseObj.m */,
				65EF914225654D4700A98D1C /* FARNull.h */,
				65EF914325654D4700A98D1C /* FARNull.m */,
				65EF92D92569258E00A98D1C /* FARCodeObj.h */,
				65EF92DA2569258E00A98D1C /* FARCodeObj.m */,
				65EF92CD2569246100A98D1C /* FARClassCodeObj.h */,
				65EF92CE2569246100A98D1C /* FARClassCodeObj.m */,
				65EF92D22569246E00A98D1C /* FARFuncCodeObj.h */,
				65EF92D32569246E00A98D1C /* FARFuncCodeObj.m */,
				6560C07F2572509C00A3AEB5 /* FARClosureCodeObj.h */,
				6560C0802572509C00A3AEB5 /* FARClosureCodeObj.m */,
				6560C06A25724A6800A3AEB5 /* FARBaseCodeRunInstance.h */,
				6560C06B25724A6800A3AEB5 /* FARBaseCodeRunInstance.m */,
				6560C06F25724C3000A3AEB5 /* FARFuncRunInstance.h */,
				6560C07025724C3000A3AEB5 /* FARFuncRunInstance.m */,
				6560C07425724C4000A3AEB5 /* FARClassRunInstance.h */,
				6560C07525724C4000A3AEB5 /* FARClassRunInstance.m */,
				6560C07925724C5000A3AEB5 /* FARClosureRunInstance.h */,
				6560C07A25724C5000A3AEB5 /* FARClosureRunInstance.m */,
			);
			path = basic;
			sourceTree = "<group>";
		};
		65EF90872562ACC200A98D1C /* Resource */ = {
			isa = PBXGroup;
			children = (
				65EF90882562AD1000A98D1C /* test.far */,
			);
			path = Resource;
			sourceTree = "<group>";
		};
		65EF92C62569242E00A98D1C /* farObj */ = {
			isa = PBXGroup;
			children = (
				65D5B23F25760B9200B6DA85 /* basic */,
				65D5B23E25760B7700B6DA85 /* string */,
				65D5B23D25760B6000B6DA85 /* number */,
				65D5B23C25760B4700B6DA85 /* native */,
			);
			path = farObj;
			sourceTree = "<group>";
		};
		65F6C3E325626B6200C8B94C = {
			isa = PBXGroup;
			children = (
				65F6C3EF25626B6200C8B94C /* Fairy-iOS */,
				65F6C42125626BE200C8B94C /* Fairy-iOS-Demo */,
				65F6C3EE25626B6200C8B94C /* Products */,
				65F6C44125626C8A00C8B94C /* Frameworks */,
			);
			sourceTree = "<group>";
		};
		65F6C3EE25626B6200C8B94C /* Products */ = {
			isa = PBXGroup;
			children = (
				65F6C3ED25626B6200C8B94C /* Fairy_iOS.framework */,
				65F6C42025626BE100C8B94C /* Fairy-iOS-Demo.app */,
			);
			name = Products;
			sourceTree = "<group>";
		};
		65F6C3EF25626B6200C8B94C /* Fairy-iOS */ = {
			isa = PBXGroup;
			children = (
				65EF92C62569242E00A98D1C /* farObj */,
				65BD65152562979F007AF316 /* bison */,
				65F6C3F025626B6200C8B94C /* Fairy_iOS.h */,
				65BD651F25629B7D007AF316 /* FARParser.h */,
				65BD652025629B7D007AF316 /* FARParser.m */,
				65EF90A12564012400A98D1C /* FARVMCode.h */,
				65EF90A22564012400A98D1C /* FARVMCode.m */,
				65EF909C2564003300A98D1C /* FARVirtualMachine.h */,
				65EF909D2564003300A98D1C /* FARVirtualMachine.m */,
				6560C09625727CF100A3AEB5 /* FARVMStack.h */,
				6560C09725727CF100A3AEB5 /* FARVMStack.m */,
				65EF913D2565478600A98D1C /* FARVMEnvironment.h */,
				65EF913E2565478600A98D1C /* FARVMEnvironment.m */,
				65EF92C1256914FF00A98D1C /* FARVMCodeEnv.h */,
				65EF92C2256914FF00A98D1C /* FARVMCodeEnv.m */,
				65EF908D25637F0000A98D1C /* FARCommandTag.h */,
				65EF908E25637F0000A98D1C /* FARCommandTag.m */,
				65F6C44925626F8200C8B94C /* FARCommand.h */,
				65F6C44A25626F8200C8B94C /* FARCommand.m */,
				65BD65102562961B007AF316 /* FAROperCmd.h */,
				65F6C3F125626B6200C8B94C /* Info.plist */,
				6560C08D257254F600A3AEB5 /* FARGlobalConst.h */,
				6560C08E257254F600A3AEB5 /* FARGlobalConst.m */,
				6560C0922572557200A3AEB5 /* PrefixHeader.pch */,
			);
			path = "Fairy-iOS";
			sourceTree = "<group>";
		};
		65F6C42125626BE200C8B94C /* Fairy-iOS-Demo */ = {
			isa = PBXGroup;
			children = (
				65F6C42225626BE200C8B94C /* AppDelegate.h */,
				65F6C42325626BE200C8B94C /* AppDelegate.m */,
				65F6C42525626BE200C8B94C /* SceneDelegate.h */,
				65F6C42625626BE200C8B94C /* SceneDelegate.m */,
				65F6C42825626BE200C8B94C /* ViewController.h */,
				65F6C42925626BE200C8B94C /* ViewController.m */,
				65F6C42B25626BE200C8B94C /* Main.storyboard */,
				65F6C42E25626BE600C8B94C /* Assets.xcassets */,
				65F6C43025626BE600C8B94C /* LaunchScreen.storyboard */,
				65F6C43325626BE600C8B94C /* Info.plist */,
				65F6C43425626BE600C8B94C /* main.m */,
				65EF90872562ACC200A98D1C /* Resource */,
			);
			path = "Fairy-iOS-Demo";
			sourceTree = "<group>";
		};
		65F6C44125626C8A00C8B94C /* Frameworks */ = {
			isa = PBXGroup;
			children = (
			);
			name = Frameworks;
			sourceTree = "<group>";
		};
/* End PBXGroup section */

/* Begin PBXHeadersBuildPhase section */
		65F6C3E825626B6200C8B94C /* Headers */ = {
			isa = PBXHeadersBuildPhase;
			buildActionMask = 2147483647;
			files = (
				6560C0A82572812000A3AEB5 /* FARNumberCodeObj.h in Headers */,
				65EF92C3256914FF00A98D1C /* FARVMCodeEnv.h in Headers */,
				65EF92CF2569246100A98D1C /* FARClassCodeObj.h in Headers */,
				6560C0AD2572840B00A3AEB5 /* FARNumberRunInstance.h in Headers */,
				6560C0B2257286FD00A3AEB5 /* FARStringRunInstance.h in Headers */,
				65EF908F25637F0000A98D1C /* FARCommandTag.h in Headers */,
				65D5B2212573E0D100B6DA85 /* FARNativeRunInstance.h in Headers */,
				65EF92D42569246E00A98D1C /* FARFuncCodeObj.h in Headers */,
				6560C07625724C4000A3AEB5 /* FARClassRunInstance.h in Headers */,
				6560C0932572557200A3AEB5 /* PrefixHeader.pch in Headers */,
				65EF913F2565478600A98D1C /* FARVMEnvironment.h in Headers */,
				6560C07125724C3000A3AEB5 /* FARFuncRunInstance.h in Headers */,
				65BD65112562961B007AF316 /* FAROperCmd.h in Headers */,
				65BD652125629B7D007AF316 /* FARParser.h in Headers */,
				6560C07B25724C5000A3AEB5 /* FARClosureRunInstance.h in Headers */,
				65EF90A32564012400A98D1C /* FARVMCode.h in Headers */,
				65D5B24425760BF900B6DA85 /* FARNumberFuncRunInstance.h in Headers */,
				65F6C3F225626B6200C8B94C /* Fairy_iOS.h in Headers */,
				65EF92DB2569258E00A98D1C /* FARCodeObj.h in Headers */,
				6560C0812572509C00A3AEB5 /* FARClosureCodeObj.h in Headers */,
				65EF909E2564003400A98D1C /* FARVirtualMachine.h in Headers */,
				6560C09825727CF100A3AEB5 /* FARVMStack.h in Headers */,
				65EF92C92569244500A98D1C /* FARBaseObj.h in Headers */,
				65D5B21C2573E0A600B6DA85 /* FARNativeCodeObj.h in Headers */,
				6560C09D2572804F00A3AEB5 /* FARStringCodeObj.h in Headers */,
				65F6C44B25626F8200C8B94C /* FARCommand.h in Headers */,
				65EF914425654D4700A98D1C /* FARNull.h in Headers */,
				65D5B2382575E41200B6DA85 /* FARNativeFuncRunInstance.h in Headers */,
				6560C06C25724A6800A3AEB5 /* FARBaseCodeRunInstance.h in Headers */,
				6560C08F257254F600A3AEB5 /* FARGlobalConst.h in Headers */,
			);
			runOnlyForDeploymentPostprocessing = 0;
		};
/* End PBXHeadersBuildPhase section */

/* Begin PBXNativeTarget section */
		65F6C3EC25626B6200C8B94C /* Fairy-iOS */ = {
			isa = PBXNativeTarget;
			buildConfigurationList = 65F6C3F525626B6200C8B94C /* Build configuration list for PBXNativeTarget "Fairy-iOS" */;
			buildPhases = (
				65F6C3E825626B6200C8B94C /* Headers */,
				65F6C3E925626B6200C8B94C /* Sources */,
				65F6C3EA25626B6200C8B94C /* Frameworks */,
				65F6C3EB25626B6200C8B94C /* Resources */,
			);
			buildRules = (
			);
			dependencies = (
			);
			name = "Fairy-iOS";
			productName = "Fairy-iOS";
			productReference = 65F6C3ED25626B6200C8B94C /* Fairy_iOS.framework */;
			productType = "com.apple.product-type.framework";
		};
		65F6C41F25626BE100C8B94C /* Fairy-iOS-Demo */ = {
			isa = PBXNativeTarget;
			buildConfigurationList = 65F6C43625626BE600C8B94C /* Build configuration list for PBXNativeTarget "Fairy-iOS-Demo" */;
			buildPhases = (
				65F6C41C25626BE100C8B94C /* Sources */,
				65F6C41D25626BE100C8B94C /* Frameworks */,
				65F6C41E25626BE100C8B94C /* Resources */,
				65F6C44625626C8A00C8B94C /* Embed Frameworks */,
			);
			buildRules = (
			);
			dependencies = (
				65F6C44525626C8A00C8B94C /* PBXTargetDependency */,
			);
			name = "Fairy-iOS-Demo";
			productName = "Fairy-iOS-Demo";
			productReference = 65F6C42025626BE100C8B94C /* Fairy-iOS-Demo.app */;
			productType = "com.apple.product-type.application";
		};
/* End PBXNativeTarget section */

/* Begin PBXProject section */
		65F6C3E425626B6200C8B94C /* Project object */ = {
			isa = PBXProject;
			attributes = {
				LastSwiftUpdateCheck = 1220;
				LastUpgradeCheck = 1220;
				TargetAttributes = {
					65F6C3EC25626B6200C8B94C = {
						CreatedOnToolsVersion = 12.2;
					};
					65F6C41F25626BE100C8B94C = {
						CreatedOnToolsVersion = 12.2;
					};
				};
			};
			buildConfigurationList = 65F6C3E725626B6200C8B94C /* Build configuration list for PBXProject "Fairy-iOS" */;
			compatibilityVersion = "Xcode 9.3";
			developmentRegion = en;
			hasScannedForEncodings = 0;
			knownRegions = (
				en,
				Base,
			);
			mainGroup = 65F6C3E325626B6200C8B94C;
			productRefGroup = 65F6C3EE25626B6200C8B94C /* Products */;
			projectDirPath = "";
			projectRoot = "";
			targets = (
				65F6C3EC25626B6200C8B94C /* Fairy-iOS */,
				65F6C41F25626BE100C8B94C /* Fairy-iOS-Demo */,
			);
		};
/* End PBXProject section */

/* Begin PBXResourcesBuildPhase section */
		65F6C3EB25626B6200C8B94C /* Resources */ = {
			isa = PBXResourcesBuildPhase;
			buildActionMask = 2147483647;
			files = (
			);
			runOnlyForDeploymentPostprocessing = 0;
		};
		65F6C41E25626BE100C8B94C /* Resources */ = {
			isa = PBXResourcesBuildPhase;
			buildActionMask = 2147483647;
			files = (
				65F6C43225626BE600C8B94C /* LaunchScreen.storyboard in Resources */,
				65F6C42F25626BE600C8B94C /* Assets.xcassets in Resources */,
				65F6C42D25626BE200C8B94C /* Main.storyboard in Resources */,
				65EF90892562AD1000A98D1C /* test.far in Resources */,
			);
			runOnlyForDeploymentPostprocessing = 0;
		};
/* End PBXResourcesBuildPhase section */

/* Begin PBXSourcesBuildPhase section */
		65F6C3E925626B6200C8B94C /* Sources */ = {
			isa = PBXSourcesBuildPhase;
			buildActionMask = 2147483647;
			files = (
				65EF92D52569246E00A98D1C /* FARFuncCodeObj.m in Sources */,
				65D5B2222573E0D100B6DA85 /* FARNativeRunInstance.m in Sources */,
				65EF92CA2569244500A98D1C /* FARBaseObj.m in Sources */,
				65D5B2392575E41200B6DA85 /* FARNativeFuncRunInstance.m in Sources */,
				65EF90A42564012400A98D1C /* FARVMCode.m in Sources */,
				65EF909025637F0000A98D1C /* FARCommandTag.m in Sources */,
				65D5B24525760BF900B6DA85 /* FARNumberFuncRunInstance.m in Sources */,
				6560C090257254F600A3AEB5 /* FARGlobalConst.m in Sources */,
				6560C0AE2572840B00A3AEB5 /* FARNumberRunInstance.m in Sources */,
				65EF909F2564003400A98D1C /* FARVirtualMachine.m in Sources */,
				65BD652225629B7D007AF316 /* FARParser.m in Sources */,
				6560C0B3257286FD00A3AEB5 /* FARStringRunInstance.m in Sources */,
				65EF90842562A97900A98D1C /* scanner.l in Sources */,
				6560C0A92572812000A3AEB5 /* FARNumberCodeObj.m in Sources */,
				65EF92C4256914FF00A98D1C /* FARVMCodeEnv.m in Sources */,
				65EF90812562A96E00A98D1C /* parser.y in Sources */,
				6560C09925727CF100A3AEB5 /* FARVMStack.m in Sources */,
				6560C0822572509C00A3AEB5 /* FARClosureCodeObj.m in Sources */,
				6560C06D25724A6800A3AEB5 /* FARBaseCodeRunInstance.m in Sources */,
				6560C07225724C3000A3AEB5 /* FARFuncRunInstance.m in Sources */,
				65EF91402565478600A98D1C /* FARVMEnvironment.m in Sources */,
				6560C07C25724C5000A3AEB5 /* FARClosureRunInstance.m in Sources */,
				65F6C44C25626F8200C8B94C /* FARCommand.m in Sources */,
				6560C09E2572804F00A3AEB5 /* FARStringCodeObj.m in Sources */,
				65EF92D02569246100A98D1C /* FARClassCodeObj.m in Sources */,
				65EF92DC2569258E00A98D1C /* FARCodeObj.m in Sources */,
				65D5B21D2573E0A600B6DA85 /* FARNativeCodeObj.m in Sources */,
				65EF914525654D4700A98D1C /* FARNull.m in Sources */,
				6560C07725724C4000A3AEB5 /* FARClassRunInstance.m in Sources */,
			);
			runOnlyForDeploymentPostprocessing = 0;
		};
		65F6C41C25626BE100C8B94C /* Sources */ = {
			isa = PBXSourcesBuildPhase;
			buildActionMask = 2147483647;
			files = (
				65F6C42A25626BE200C8B94C /* ViewController.m in Sources */,
				65F6C42425626BE200C8B94C /* AppDelegate.m in Sources */,
				65F6C43525626BE600C8B94C /* main.m in Sources */,
				65F6C42725626BE200C8B94C /* SceneDelegate.m in Sources */,
			);
			runOnlyForDeploymentPostprocessing = 0;
		};
/* End PBXSourcesBuildPhase section */

/* Begin PBXTargetDependency section */
		65F6C44525626C8A00C8B94C /* PBXTargetDependency */ = {
			isa = PBXTargetDependency;
			target = 65F6C3EC25626B6200C8B94C /* Fairy-iOS */;
			targetProxy = 65F6C44425626C8A00C8B94C /* PBXContainerItemProxy */;
		};
/* End PBXTargetDependency section */

/* Begin PBXVariantGroup section */
		65F6C42B25626BE200C8B94C /* Main.storyboard */ = {
			isa = PBXVariantGroup;
			children = (
				65F6C42C25626BE200C8B94C /* Base */,
			);
			name = Main.storyboard;
			sourceTree = "<group>";
		};
		65F6C43025626BE600C8B94C /* LaunchScreen.storyboard */ = {
			isa = PBXVariantGroup;
			children = (
				65F6C43125626BE600C8B94C /* Base */,
			);
			name = LaunchScreen.storyboard;
			sourceTree = "<group>";
		};
/* End PBXVariantGroup section */

/* Begin XCBuildConfiguration section */
		65F6C3F325626B6200C8B94C /* Debug */ = {
			isa = XCBuildConfiguration;
			buildSettings = {
				ALWAYS_SEARCH_USER_PATHS = NO;
				CLANG_ANALYZER_NONNULL = YES;
				CLANG_ANALYZER_NUMBER_OBJECT_CONVERSION = YES_AGGRESSIVE;
				CLANG_CXX_LANGUAGE_STANDARD = "gnu++14";
				CLANG_CXX_LIBRARY = "libc++";
				CLANG_ENABLE_MODULES = YES;
				CLANG_ENABLE_OBJC_ARC = YES;
				CLANG_ENABLE_OBJC_WEAK = YES;
				CLANG_WARN_BLOCK_CAPTURE_AUTORELEASING = YES;
				CLANG_WARN_BOOL_CONVERSION = YES;
				CLANG_WARN_COMMA = YES;
				CLANG_WARN_CONSTANT_CONVERSION = YES;
				CLANG_WARN_DEPRECATED_OBJC_IMPLEMENTATIONS = YES;
				CLANG_WARN_DIRECT_OBJC_ISA_USAGE = YES_ERROR;
				CLANG_WARN_DOCUMENTATION_COMMENTS = YES;
				CLANG_WARN_EMPTY_BODY = YES;
				CLANG_WARN_ENUM_CONVERSION = YES;
				CLANG_WARN_INFINITE_RECURSION = YES;
				CLANG_WARN_INT_CONVERSION = YES;
				CLANG_WARN_NON_LITERAL_NULL_CONVERSION = YES;
				CLANG_WARN_OBJC_IMPLICIT_RETAIN_SELF = YES;
				CLANG_WARN_OBJC_LITERAL_CONVERSION = YES;
				CLANG_WARN_OBJC_ROOT_CLASS = YES_ERROR;
				CLANG_WARN_QUOTED_INCLUDE_IN_FRAMEWORK_HEADER = YES;
				CLANG_WARN_RANGE_LOOP_ANALYSIS = YES;
				CLANG_WARN_STRICT_PROTOTYPES = YES;
				CLANG_WARN_SUSPICIOUS_MOVE = YES;
				CLANG_WARN_UNGUARDED_AVAILABILITY = YES_AGGRESSIVE;
				CLANG_WARN_UNREACHABLE_CODE = YES;
				CLANG_WARN__DUPLICATE_METHOD_MATCH = YES;
				COPY_PHASE_STRIP = NO;
				CURRENT_PROJECT_VERSION = 1;
				DEBUG_INFORMATION_FORMAT = "dwarf-with-dsym";
				ENABLE_STRICT_OBJC_MSGSEND = YES;
				ENABLE_TESTABILITY = YES;
				GCC_C_LANGUAGE_STANDARD = gnu11;
				GCC_DYNAMIC_NO_PIC = NO;
				GCC_NO_COMMON_BLOCKS = YES;
				GCC_OPTIMIZATION_LEVEL = 0;
				GCC_PREPROCESSOR_DEFINITIONS = (
					"DEBUG=1",
					"$(inherited)",
				);
				GCC_WARN_64_TO_32_BIT_CONVERSION = YES;
				GCC_WARN_ABOUT_RETURN_TYPE = YES_ERROR;
				GCC_WARN_UNDECLARED_SELECTOR = YES;
				GCC_WARN_UNINITIALIZED_AUTOS = YES_AGGRESSIVE;
				GCC_WARN_UNUSED_FUNCTION = YES;
				GCC_WARN_UNUSED_VARIABLE = YES;
				IPHONEOS_DEPLOYMENT_TARGET = 14.2;
				MTL_ENABLE_DEBUG_INFO = INCLUDE_SOURCE;
				MTL_FAST_MATH = YES;
				ONLY_ACTIVE_ARCH = YES;
				SDKROOT = iphoneos;
				VERSIONING_SYSTEM = "apple-generic";
				VERSION_INFO_PREFIX = "";
			};
			name = Debug;
		};
		65F6C3F425626B6200C8B94C /* Release */ = {
			isa = XCBuildConfiguration;
			buildSettings = {
				ALWAYS_SEARCH_USER_PATHS = NO;
				CLANG_ANALYZER_NONNULL = YES;
				CLANG_ANALYZER_NUMBER_OBJECT_CONVERSION = YES_AGGRESSIVE;
				CLANG_CXX_LANGUAGE_STANDARD = "gnu++14";
				CLANG_CXX_LIBRARY = "libc++";
				CLANG_ENABLE_MODULES = YES;
				CLANG_ENABLE_OBJC_ARC = YES;
				CLANG_ENABLE_OBJC_WEAK = YES;
				CLANG_WARN_BLOCK_CAPTURE_AUTORELEASING = YES;
				CLANG_WARN_BOOL_CONVERSION = YES;
				CLANG_WARN_COMMA = YES;
				CLANG_WARN_CONSTANT_CONVERSION = YES;
				CLANG_WARN_DEPRECATED_OBJC_IMPLEMENTATIONS = YES;
				CLANG_WARN_DIRECT_OBJC_ISA_USAGE = YES_ERROR;
				CLANG_WARN_DOCUMENTATION_COMMENTS = YES;
				CLANG_WARN_EMPTY_BODY = YES;
				CLANG_WARN_ENUM_CONVERSION = YES;
				CLANG_WARN_INFINITE_RECURSION = YES;
				CLANG_WARN_INT_CONVERSION = YES;
				CLANG_WARN_NON_LITERAL_NULL_CONVERSION = YES;
				CLANG_WARN_OBJC_IMPLICIT_RETAIN_SELF = YES;
				CLANG_WARN_OBJC_LITERAL_CONVERSION = YES;
				CLANG_WARN_OBJC_ROOT_CLASS = YES_ERROR;
				CLANG_WARN_QUOTED_INCLUDE_IN_FRAMEWORK_HEADER = YES;
				CLANG_WARN_RANGE_LOOP_ANALYSIS = YES;
				CLANG_WARN_STRICT_PROTOTYPES = YES;
				CLANG_WARN_SUSPICIOUS_MOVE = YES;
				CLANG_WARN_UNGUARDED_AVAILABILITY = YES_AGGRESSIVE;
				CLANG_WARN_UNREACHABLE_CODE = YES;
				CLANG_WARN__DUPLICATE_METHOD_MATCH = YES;
				COPY_PHASE_STRIP = NO;
				CURRENT_PROJECT_VERSION = 1;
				DEBUG_INFORMATION_FORMAT = "dwarf-with-dsym";
				ENABLE_NS_ASSERTIONS = NO;
				ENABLE_STRICT_OBJC_MSGSEND = YES;
				GCC_C_LANGUAGE_STANDARD = gnu11;
				GCC_NO_COMMON_BLOCKS = YES;
				GCC_WARN_64_TO_32_BIT_CONVERSION = YES;
				GCC_WARN_ABOUT_RETURN_TYPE = YES_ERROR;
				GCC_WARN_UNDECLARED_SELECTOR = YES;
				GCC_WARN_UNINITIALIZED_AUTOS = YES_AGGRESSIVE;
				GCC_WARN_UNUSED_FUNCTION = YES;
				GCC_WARN_UNUSED_VARIABLE = YES;
				IPHONEOS_DEPLOYMENT_TARGET = 14.2;
				MTL_ENABLE_DEBUG_INFO = NO;
				MTL_FAST_MATH = YES;
				SDKROOT = iphoneos;
				VALIDATE_PRODUCT = YES;
				VERSIONING_SYSTEM = "apple-generic";
				VERSION_INFO_PREFIX = "";
			};
			name = Release;
		};
		65F6C3F625626B6200C8B94C /* Debug */ = {
			isa = XCBuildConfiguration;
			buildSettings = {
				CODE_SIGN_STYLE = Automatic;
				DEFINES_MODULE = YES;
				DYLIB_COMPATIBILITY_VERSION = 1;
				DYLIB_CURRENT_VERSION = 1;
				DYLIB_INSTALL_NAME_BASE = "@rpath";
				GCC_PREFIX_HEADER = "$(SRCROOT)/Fairy-iOS/PrefixHeader.pch";
				INFOPLIST_FILE = "Fairy-iOS/Info.plist";
				INSTALL_PATH = "$(LOCAL_LIBRARY_DIR)/Frameworks";
				LD_RUNPATH_SEARCH_PATHS = (
					"$(inherited)",
					"@executable_path/Frameworks",
					"@loader_path/Frameworks",
				);
				PRODUCT_BUNDLE_IDENTIFIER = "com.tencent.Fairy-iOS";
				PRODUCT_NAME = "$(TARGET_NAME:c99extidentifier)";
				SKIP_INSTALL = YES;
				TARGETED_DEVICE_FAMILY = "1,2";
			};
			name = Debug;
		};
		65F6C3F725626B6200C8B94C /* Release */ = {
			isa = XCBuildConfiguration;
			buildSettings = {
				CODE_SIGN_STYLE = Automatic;
				DEFINES_MODULE = YES;
				DYLIB_COMPATIBILITY_VERSION = 1;
				DYLIB_CURRENT_VERSION = 1;
				DYLIB_INSTALL_NAME_BASE = "@rpath";
				GCC_PREFIX_HEADER = "$(SRCROOT)/Fairy-iOS/PrefixHeader.pch";
				INFOPLIST_FILE = "Fairy-iOS/Info.plist";
				INSTALL_PATH = "$(LOCAL_LIBRARY_DIR)/Frameworks";
				LD_RUNPATH_SEARCH_PATHS = (
					"$(inherited)",
					"@executable_path/Frameworks",
					"@loader_path/Frameworks",
				);
				PRODUCT_BUNDLE_IDENTIFIER = "com.tencent.Fairy-iOS";
				PRODUCT_NAME = "$(TARGET_NAME:c99extidentifier)";
				SKIP_INSTALL = YES;
				TARGETED_DEVICE_FAMILY = "1,2";
			};
			name = Release;
		};
		65F6C43725626BE600C8B94C /* Debug */ = {
			isa = XCBuildConfiguration;
			buildSettings = {
				ASSETCATALOG_COMPILER_APPICON_NAME = AppIcon;
				ASSETCATALOG_COMPILER_GLOBAL_ACCENT_COLOR_NAME = AccentColor;
				CODE_SIGN_STYLE = Automatic;
				INFOPLIST_FILE = "Fairy-iOS-Demo/Info.plist";
				IPHONEOS_DEPLOYMENT_TARGET = 9.0;
				LD_RUNPATH_SEARCH_PATHS = (
					"$(inherited)",
					"@executable_path/Frameworks",
				);
				PRODUCT_BUNDLE_IDENTIFIER = "com.tencent.Fairy-iOS-Demo";
				PRODUCT_NAME = "$(TARGET_NAME)";
				TARGETED_DEVICE_FAMILY = "1,2";
			};
			name = Debug;
		};
		65F6C43825626BE600C8B94C /* Release */ = {
			isa = XCBuildConfiguration;
			buildSettings = {
				ASSETCATALOG_COMPILER_APPICON_NAME = AppIcon;
				ASSETCATALOG_COMPILER_GLOBAL_ACCENT_COLOR_NAME = AccentColor;
				CODE_SIGN_STYLE = Automatic;
				INFOPLIST_FILE = "Fairy-iOS-Demo/Info.plist";
				IPHONEOS_DEPLOYMENT_TARGET = 9.0;
				LD_RUNPATH_SEARCH_PATHS = (
					"$(inherited)",
					"@executable_path/Frameworks",
				);
				PRODUCT_BUNDLE_IDENTIFIER = "com.tencent.Fairy-iOS-Demo";
				PRODUCT_NAME = "$(TARGET_NAME)";
				TARGETED_DEVICE_FAMILY = "1,2";
			};
			name = Release;
		};
/* End XCBuildConfiguration section */

/* Begin XCConfigurationList section */
		65F6C3E725626B6200C8B94C /* Build configuration list for PBXProject "Fairy-iOS" */ = {
			isa = XCConfigurationList;
			buildConfigurations = (
				65F6C3F325626B6200C8B94C /* Debug */,
				65F6C3F425626B6200C8B94C /* Release */,
			);
			defaultConfigurationIsVisible = 0;
			defaultConfigurationName = Release;
		};
		65F6C3F525626B6200C8B94C /* Build configuration list for PBXNativeTarget "Fairy-iOS" */ = {
			isa = XCConfigurationList;
			buildConfigurations = (
				65F6C3F625626B6200C8B94C /* Debug */,
				65F6C3F725626B6200C8B94C /* Release */,
			);
			defaultConfigurationIsVisible = 0;
			defaultConfigurationName = Release;
		};
		65F6C43625626BE600C8B94C /* Build configuration list for PBXNativeTarget "Fairy-iOS-Demo" */ = {
			isa = XCConfigurationList;
			buildConfigurations = (
				65F6C43725626BE600C8B94C /* Debug */,
				65F6C43825626BE600C8B94C /* Release */,
			);
			defaultConfigurationIsVisible = 0;
			defaultConfigurationName = Release;
		};
/* End XCConfigurationList section */
	};
	rootObject = 65F6C3E425626B6200C8B94C /* Project object */;
}
